
Microsoft Visual Studio Solution File, Format Version 12.00
# Visual Studio Version 17
VisualStudioVersion = 17.1.32421.90
MinimumVisualStudioVersion = 10.0.40219.1
Project("{FAE04EC0-301F-11D3-BF4B-00C04F79EFBC}") = "ConsoleApp8", "ConsoleApp8\ConsoleApp8.csproj", "{D8E58745-33D6-47F8-BC5A-E370AB5DC41A}"
EndProject
Global
	GlobalSection(SolutionConfigurationPlatforms) = preSolution
		Debug|Any CPU = Debug|Any CPU
		Release|Any CPU = Release|Any CPU
	EndGlobalSection
	GlobalSection(ProjectConfigurationPlatforms) = postSolution
		{D8E58745-33D6-47F8-BC5A-E370AB5DC41A}.Debug|Any CPU.ActiveCfg = Debug|Any CPU
		{D8E58745-33D6-47F8-BC5A-E370AB5DC41A}.Debug|Any CPU.Build.0 = Debug|Any CPU
		{D8E58745-33D6-47F8-BC5A-E370AB5DC41A}.Release|Any CPU.ActiveCfg = Release|Any CPU
		{D8E58745-33D6-47F8-BC5A-E370AB5DC41A}.Release|Any CPU.Build.0 = Release|Any CPU
	EndGlobalSection
	GlobalSection(SolutionProperties) = preSolution
		HideSolutionNode = FALSE
	EndGlobalSection
	GlobalSection(ExtensibilityGlobals) = postSolution
		SolutionGuid = {81663C7D-C15E-41A2-A540-AA8F0FA020B6}
	EndGlobalSection
EndGlobal
